
Microsoft Visual Studio Solution File, Format Version 12.00
# Visual Studio Version 16
VisualStudioVersion = 16.0.31205.134
MinimumVisualStudioVersion = 10.0.40219.1
Project("{FAE04EC0-301F-11D3-BF4B-00C04F79EFBC}") = "SmartGardenMobile.Android", "SmartGardenMobile\SmartGardenMobile.Android\SmartGardenMobile.Android.csproj", "{8023B71A-6BB0-4C6C-8DB8-5D03B662D075}"
EndProject
Project("{FAE04EC0-301F-11D3-BF4B-00C04F79EFBC}") = "SmartGardenMobile", "SmartGardenMobile\SmartGardenMobile\SmartGardenMobile.csproj", "{BB5F737B-561E-4506-8FE5-1368F23B3447}"
EndProject
Global
	GlobalSection(SolutionConfigurationPlatforms) = preSolution
		Debug|Any CPU = Debug|Any CPU
		Release|Any CPU = Release|Any CPU
	EndGlobalSection
	GlobalSection(ProjectConfigurationPlatforms) = postSolution
		{8023B71A-6BB0-4C6C-8DB8-5D03B662D075}.Debug|Any CPU.ActiveCfg = Debug|Any CPU
		{8023B71A-6BB0-4C6C-8DB8-5D03B662D075}.Debug|Any CPU.Build.0 = Debug|Any CPU
		{8023B71A-6BB0-4C6C-8DB8-5D03B662D075}.Debug|Any CPU.Deploy.0 = Debug|Any CPU
		{8023B71A-6BB0-4C6C-8DB8-5D03B662D075}.Release|Any CPU.ActiveCfg = Release|Any CPU
		{8023B71A-6BB0-4C6C-8DB8-5D03B662D075}.Release|Any CPU.Build.0 = Release|Any CPU
		{8023B71A-6BB0-4C6C-8DB8-5D03B662D075}.Release|Any CPU.Deploy.0 = Release|Any CPU
		{BB5F737B-561E-4506-8FE5-1368F23B3447}.Debug|Any CPU.ActiveCfg = Debug|Any CPU
		{BB5F737B-561E-4506-8FE5-1368F23B3447}.Debug|Any CPU.Build.0 = Debug|Any CPU
		{BB5F737B-561E-4506-8FE5-1368F23B3447}.Debug|Any CPU.Deploy.0 = Debug|Any CPU
		{BB5F737B-561E-4506-8FE5-1368F23B3447}.Release|Any CPU.ActiveCfg = Release|Any CPU
		{BB5F737B-561E-4506-8FE5-1368F23B3447}.Release|Any CPU.Build.0 = Release|Any CPU
		{BB5F737B-561E-4506-8FE5-1368F23B3447}.Release|Any CPU.Deploy.0 = Release|Any CPU
	EndGlobalSection
	GlobalSection(SolutionProperties) = preSolution
		HideSolutionNode = FALSE
	EndGlobalSection
	GlobalSection(ExtensibilityGlobals) = postSolution
		SolutionGuid = {D6064153-9572-4022-9CDB-6D7E5693AABC}
	EndGlobalSection
EndGlobal
